
Microsoft Visual Studio Solution File, Format Version 12.00
# Visual Studio Version 17
VisualStudioVersion = 17.8.34525.116
MinimumVisualStudioVersion = 10.0.40219.1
Project("{FAE04EC0-301F-11D3-BF4B-00C04F79EFBC}") = "shulc-clicker-wpf", "shulc-clicker-wpf\shulc-clicker-wpf.csproj", "{BCF5C213-2DCA-4D64-A278-7F80127F4692}"
EndProject
Global
	GlobalSection(SolutionConfigurationPlatforms) = preSolution
		Debug|Any CPU = Debug|Any CPU
		Release|Any CPU = Release|Any CPU
	EndGlobalSection
	GlobalSection(ProjectConfigurationPlatforms) = postSolution
		{BCF5C213-2DCA-4D64-A278-7F80127F4692}.Debug|Any CPU.ActiveCfg = Debug|Any CPU
		{BCF5C213-2DCA-4D64-A278-7F80127F4692}.Debug|Any CPU.Build.0 = Debug|Any CPU
		{BCF5C213-2DCA-4D64-A278-7F80127F4692}.Release|Any CPU.ActiveCfg = Release|Any CPU
		{BCF5C213-2DCA-4D64-A278-7F80127F4692}.Release|Any CPU.Build.0 = Release|Any CPU
	EndGlobalSection
	GlobalSection(SolutionProperties) = preSolution
		HideSolutionNode = FALSE
	EndGlobalSection
	GlobalSection(ExtensibilityGlobals) = postSolution
		SolutionGuid = {C726EC4F-E69F-4E93-B638-8C9315B71DEB}
	EndGlobalSection
EndGlobal
